{
    "jms/metadata": {
        "version": "1.7.0"
    },
    "jms/parser-lib": {
        "version": "1.0.0"
    },
    "jms/serializer": {
        "version": "1.14.1"
    },
    "jms/serializer-bundle": {
        "version": "2.0",
        "recipe": {
            "repo": "github.com/symfony/recipes-contrib",
            "branch": "master",
            "version": "2.0",
            "ref": "fe60ce509ef04a3f40da96e3979bc8d9b13b2372"
        },
        "files": [
            "config/packages/dev/jms_serializer.yaml",
            "config/packages/jms_serializer.yaml",
            "config/packages/prod/jms_serializer.yaml"
        ]
    },
    "lcobucci/jwt": {
        "version": "3.3.1"
    },
    "lexik/jwt-authentication-bundle": {
        "version": "2.5",
        "recipe": {
            "repo": "github.com/symfony/recipes",
            "branch": "master",
            "version": "2.5",
            "ref": "5b2157bcd5778166a5696e42f552ad36529a07a6"
        },
        "files": [
            "config/packages/lexik_jwt_authentication.yaml"
        ]
    },
    "namshi/jose": {
        "version": "7.2.3"
    },
    "php": {
        "version": "7.3"
    },
    "symfony/polyfill-php56": {
        "version": "v1.14.0"
    },
    "symfony/polyfill-util": {
        "version": "v1.14.0"
    }
}
